
Microsoft Visual Studio Solution File, Format Version 12.00
# Visual Studio Version 17
VisualStudioVersion = 17.4.33205.214
MinimumVisualStudioVersion = 10.0.40219.1
Project("{FAE04EC0-301F-11D3-BF4B-00C04F79EFBC}") = "RepreTarea", "RepreTarea.csproj", "{51C760F3-0E52-4344-8CB5-A5E74CE44912}"
EndProject
Global
	GlobalSection(SolutionConfigurationPlatforms) = preSolution
		Debug|Any CPU = Debug|Any CPU
		Release|Any CPU = Release|Any CPU
	EndGlobalSection
	GlobalSection(ProjectConfigurationPlatforms) = postSolution
		{51C760F3-0E52-4344-8CB5-A5E74CE44912}.Debug|Any CPU.ActiveCfg = Debug|Any CPU
		{51C760F3-0E52-4344-8CB5-A5E74CE44912}.Debug|Any CPU.Build.0 = Debug|Any CPU
		{51C760F3-0E52-4344-8CB5-A5E74CE44912}.Release|Any CPU.ActiveCfg = Release|Any CPU
		{51C760F3-0E52-4344-8CB5-A5E74CE44912}.Release|Any CPU.Build.0 = Release|Any CPU
	EndGlobalSection
	GlobalSection(SolutionProperties) = preSolution
		HideSolutionNode = FALSE
	EndGlobalSection
	GlobalSection(ExtensibilityGlobals) = postSolution
		SolutionGuid = {A32646D0-24C0-4E6B-92FD-00827BAB1C15}
	EndGlobalSection
EndGlobal
